// !$*UTF8*$!
{
	archiveVersion = 1;
	classes = {
	};
	objectVersion = 50;
	objects = {

/* Begin PBXBuildFile section */
		1D039BEE2551F67E00BB894F /* SettingsViewController.swift in Sources */ = {isa = PBXBuildFile; fileRef = 1D039BED2551F67E00BB894F /* SettingsViewController.swift */; };
		1D039BF22551FBC700BB894F /* QuizProcessStrategy.swift in Sources */ = {isa = PBXBuildFile; fileRef = 1D039BF12551FBC700BB894F /* QuizProcessStrategy.swift */; };
		1D039BF52551FC6D00BB894F /* QuizRandomStrategy.swift in Sources */ = {isa = PBXBuildFile; fileRef = 1D039BF42551FC6D00BB894F /* QuizRandomStrategy.swift */; };
		1D039BF82551FCA100BB894F /* QuizSerialStrategy copy.swift in Sources */ = {isa = PBXBuildFile; fileRef = 1D039BF72551FCA100BB894F /* QuizSerialStrategy copy.swift */; };
		1D039BFD2551FD5500BB894F /* QuizProcess.swift in Sources */ = {isa = PBXBuildFile; fileRef = 1D039BFC2551FD5500BB894F /* QuizProcess.swift */; };
		1D039C0125528FD300BB894F /* ProgressObservable.swift in Sources */ = {isa = PBXBuildFile; fileRef = 1D039C0025528FD300BB894F /* ProgressObservable.swift */; };
		1D3047D92552D2DA0022E600 /* AddQuizViewController.swift in Sources */ = {isa = PBXBuildFile; fileRef = 1D3047D82552D2DA0022E600 /* AddQuizViewController.swift */; };
		1D3047DD2552D5AA0022E600 /* QuizTableViewCell.swift in Sources */ = {isa = PBXBuildFile; fileRef = 1D3047DC2552D5AA0022E600 /* QuizTableViewCell.swift */; };
		1D3047E22552F2200022E600 /* QuizListBuilderProtocol.swift in Sources */ = {isa = PBXBuildFile; fileRef = 1D3047E12552F2200022E600 /* QuizListBuilderProtocol.swift */; };
		1D3047E6255315EB0022E600 /* QuizListBuilder.swift in Sources */ = {isa = PBXBuildFile; fileRef = 1D3047E5255315EB0022E600 /* QuizListBuilder.swift */; };
		1D3047E925532EAA0022E600 /* QuizListCaretaker.swift in Sources */ = {isa = PBXBuildFile; fileRef = 1D3047E825532EA90022E600 /* QuizListCaretaker.swift */; };
		1D3047F02553CB200022E600 /* HintUsageFacade.swift in Sources */ = {isa = PBXBuildFile; fileRef = 1D3047EF2553CB200022E600 /* HintUsageFacade.swift */; };
		1DA522742547FF440073E914 /* AppDelegate.swift in Sources */ = {isa = PBXBuildFile; fileRef = 1DA522732547FF440073E914 /* AppDelegate.swift */; };
		1DA522762547FF440073E914 /* SceneDelegate.swift in Sources */ = {isa = PBXBuildFile; fileRef = 1DA522752547FF440073E914 /* SceneDelegate.swift */; };
		1DA522782547FF440073E914 /* ViewController.swift in Sources */ = {isa = PBXBuildFile; fileRef = 1DA522772547FF440073E914 /* ViewController.swift */; };
		1DA5227B2547FF440073E914 /* Main.storyboard in Resources */ = {isa = PBXBuildFile; fileRef = 1DA522792547FF440073E914 /* Main.storyboard */; };
		1DA5227D2547FF460073E914 /* Assets.xcassets in Resources */ = {isa = PBXBuildFile; fileRef = 1DA5227C2547FF460073E914 /* Assets.xcassets */; };
		1DA522802547FF460073E914 /* LaunchScreen.storyboard in Resources */ = {isa = PBXBuildFile; fileRef = 1DA5227E2547FF460073E914 /* LaunchScreen.storyboard */; };
		1DA52289254808F60073E914 /* GameScreenViewController.swift in Sources */ = {isa = PBXBuildFile; fileRef = 1DA52288254808F60073E914 /* GameScreenViewController.swift */; };
		1DA5228D2549214A0073E914 /* ResultTableViewController.swift in Sources */ = {isa = PBXBuildFile; fileRef = 1DA5228C2549214A0073E914 /* ResultTableViewController.swift */; };
		1DA52291254924E90073E914 /* Quiz.swift in Sources */ = {isa = PBXBuildFile; fileRef = 1DA52290254924E90073E914 /* Quiz.swift */; };
		1DA52295254BC8520073E914 /* Record.swift in Sources */ = {isa = PBXBuildFile; fileRef = 1DA52294254BC8510073E914 /* Record.swift */; };
		1DA52298254BC9380073E914 /* Game.swift in Sources */ = {isa = PBXBuildFile; fileRef = 1DA52297254BC9380073E914 /* Game.swift */; };
		1DA5229B254BD0580073E914 /* RecordsCaretaker.swift in Sources */ = {isa = PBXBuildFile; fileRef = 1DA5229A254BD0580073E914 /* RecordsCaretaker.swift */; };
		1DA5229F254BDB1C0073E914 /* GameSession.swift in Sources */ = {isa = PBXBuildFile; fileRef = 1DA5229E254BDB1C0073E914 /* GameSession.swift */; };
/* End PBXBuildFile section */

/* Begin PBXFileReference section */
		1D039BED2551F67E00BB894F /* SettingsViewController.swift */ = {isa = PBXFileReference; lastKnownFileType = sourcecode.swift; path = SettingsViewController.swift; sourceTree = "<group>"; };
		1D039BF12551FBC700BB894F /* QuizProcessStrategy.swift */ = {isa = PBXFileReference; lastKnownFileType = sourcecode.swift; path = QuizProcessStrategy.swift; sourceTree = "<group>"; };
		1D039BF42551FC6D00BB894F /* QuizRandomStrategy.swift */ = {isa = PBXFileReference; lastKnownFileType = sourcecode.swift; path = QuizRandomStrategy.swift; sourceTree = "<group>"; };
		1D039BF72551FCA100BB894F /* QuizSerialStrategy copy.swift */ = {isa = PBXFileReference; lastKnownFileType = sourcecode.swift; path = "QuizSerialStrategy copy.swift"; sourceTree = "<group>"; };
		1D039BFC2551FD5500BB894F /* QuizProcess.swift */ = {isa = PBXFileReference; lastKnownFileType = sourcecode.swift; path = QuizProcess.swift; sourceTree = "<group>"; };
		1D039C0025528FD300BB894F /* ProgressObservable.swift */ = {isa = PBXFileReference; lastKnownFileType = sourcecode.swift; path = ProgressObservable.swift; sourceTree = "<group>"; };
		1D3047D82552D2DA0022E600 /* AddQuizViewController.swift */ = {isa = PBXFileReference; lastKnownFileType = sourcecode.swift; path = AddQuizViewController.swift; sourceTree = "<group>"; };
		1D3047DC2552D5AA0022E600 /* QuizTableViewCell.swift */ = {isa = PBXFileReference; lastKnownFileType = sourcecode.swift; path = QuizTableViewCell.swift; sourceTree = "<group>"; };
		1D3047E12552F2200022E600 /* QuizListBuilderProtocol.swift */ = {isa = PBXFileReference; lastKnownFileType = sourcecode.swift; path = QuizListBuilderProtocol.swift; sourceTree = "<group>"; };
		1D3047E5255315EB0022E600 /* QuizListBuilder.swift */ = {isa = PBXFileReference; lastKnownFileType = sourcecode.swift; path = QuizListBuilder.swift; sourceTree = "<group>"; };
		1D3047E825532EA90022E600 /* QuizListCaretaker.swift */ = {isa = PBXFileReference; lastKnownFileType = sourcecode.swift; path = QuizListCaretaker.swift; sourceTree = "<group>"; };
		1D3047EF2553CB200022E600 /* HintUsageFacade.swift */ = {isa = PBXFileReference; lastKnownFileType = sourcecode.swift; path = HintUsageFacade.swift; sourceTree = "<group>"; };
		1DA522702547FF440073E914 /* Millionaer.app */ = {isa = PBXFileReference; explicitFileType = wrapper.application; includeInIndex = 0; path = Millionaer.app; sourceTree = BUILT_PRODUCTS_DIR; };
		1DA522732547FF440073E914 /* AppDelegate.swift */ = {isa = PBXFileReference; lastKnownFileType = sourcecode.swift; path = AppDelegate.swift; sourceTree = "<group>"; };
		1DA522752547FF440073E914 /* SceneDelegate.swift */ = {isa = PBXFileReference; lastKnownFileType = sourcecode.swift; path = SceneDelegate.swift; sourceTree = "<group>"; };
		1DA522772547FF440073E914 /* ViewController.swift */ = {isa = PBXFileReference; lastKnownFileType = sourcecode.swift; path = ViewController.swift; sourceTree = "<group>"; };
		1DA5227A2547FF440073E914 /* Base */ = {isa = PBXFileReference; lastKnownFileType = file.storyboard; name = Base; path = Base.lproj/Main.storyboard; sourceTree = "<group>"; };
		1DA5227C2547FF460073E914 /* Assets.xcassets */ = {isa = PBXFileReference; lastKnownFileType = folder.assetcatalog; path = Assets.xcassets; sourceTree = "<group>"; };
		1DA5227F2547FF460073E914 /* Base */ = {isa = PBXFileReference; lastKnownFileType = file.storyboard; name = Base; path = Base.lproj/LaunchScreen.storyboard; sourceTree = "<group>"; };
		1DA522812547FF460073E914 /* Info.plist */ = {isa = PBXFileReference; lastKnownFileType = text.plist.xml; path = Info.plist; sourceTree = "<group>"; };
		1DA52288254808F60073E914 /* GameScreenViewController.swift */ = {isa = PBXFileReference; lastKnownFileType = sourcecode.swift; path = GameScreenViewController.swift; sourceTree = "<group>"; };
		1DA5228C2549214A0073E914 /* ResultTableViewController.swift */ = {isa = PBXFileReference; lastKnownFileType = sourcecode.swift; path = ResultTableViewController.swift; sourceTree = "<group>"; };
		1DA52290254924E90073E914 /* Quiz.swift */ = {isa = PBXFileReference; lastKnownFileType = sourcecode.swift; path = Quiz.swift; sourceTree = "<group>"; };
		1DA52294254BC8510073E914 /* Record.swift */ = {isa = PBXFileReference; lastKnownFileType = sourcecode.swift; path = Record.swift; sourceTree = "<group>"; };
		1DA52297254BC9380073E914 /* Game.swift */ = {isa = PBXFileReference; lastKnownFileType = sourcecode.swift; path = Game.swift; sourceTree = "<group>"; };
		1DA5229A254BD0580073E914 /* RecordsCaretaker.swift */ = {isa = PBXFileReference; lastKnownFileType = sourcecode.swift; path = RecordsCaretaker.swift; sourceTree = "<group>"; };
		1DA5229E254BDB1C0073E914 /* GameSession.swift */ = {isa = PBXFileReference; lastKnownFileType = sourcecode.swift; path = GameSession.swift; sourceTree = "<group>"; };
/* End PBXFileReference section */

/* Begin PBXFrameworksBuildPhase section */
		1DA5226D2547FF440073E914 /* Frameworks */ = {
			isa = PBXFrameworksBuildPhase;
			buildActionMask = 2147483647;
			files = (
			);
			runOnlyForDeploymentPostprocessing = 0;
		};
/* End PBXFrameworksBuildPhase section */

/* Begin PBXGroup section */
		1D039BF02551FB8E00BB894F /* QuizProcassStrategy */ = {
			isa = PBXGroup;
			children = (
				1D039BF12551FBC700BB894F /* QuizProcessStrategy.swift */,
				1D039BF72551FCA100BB894F /* QuizSerialStrategy copy.swift */,
				1D039BF42551FC6D00BB894F /* QuizRandomStrategy.swift */,
			);
			path = QuizProcassStrategy;
			sourceTree = "<group>";
		};
		1D039BFB2551FD3300BB894F /* Settings */ = {
			isa = PBXGroup;
			children = (
				1D039BFC2551FD5500BB894F /* QuizProcess.swift */,
			);
			path = Settings;
			sourceTree = "<group>";
		};
		1D3047E02552F1F60022E600 /* QuizBuilder */ = {
			isa = PBXGroup;
			children = (
				1D3047E12552F2200022E600 /* QuizListBuilderProtocol.swift */,
				1D3047E5255315EB0022E600 /* QuizListBuilder.swift */,
			);
			path = QuizBuilder;
			sourceTree = "<group>";
		};
		1D3047EB2553C9970022E600 /* ViewControllers */ = {
			isa = PBXGroup;
			children = (
				1D3047EC2553CA0A0022E600 /* AddQuizVC */,
				1DA522772547FF440073E914 /* ViewController.swift */,
				1DA5228C2549214A0073E914 /* ResultTableViewController.swift */,
				1DA52288254808F60073E914 /* GameScreenViewController.swift */,
				1D039BED2551F67E00BB894F /* SettingsViewController.swift */,
			);
			path = ViewControllers;
			sourceTree = "<group>";
		};
		1D3047EC2553CA0A0022E600 /* AddQuizVC */ = {
			isa = PBXGroup;
			children = (
				1D3047D82552D2DA0022E600 /* AddQuizViewController.swift */,
				1D3047DC2552D5AA0022E600 /* QuizTableViewCell.swift */,
			);
			path = AddQuizVC;
			sourceTree = "<group>";
		};
		1D3047ED2553CA470022E600 /* Caretakers */ = {
			isa = PBXGroup;
			children = (
				1DA5229A254BD0580073E914 /* RecordsCaretaker.swift */,
				1D3047E825532EA90022E600 /* QuizListCaretaker.swift */,
			);
			path = Caretakers;
			sourceTree = "<group>";
		};
		1D3047EE2553CA670022E600 /* Facade */ = {
			isa = PBXGroup;
			children = (
				1D3047EF2553CB200022E600 /* HintUsageFacade.swift */,
			);
			path = Facade;
			sourceTree = "<group>";
		};
		1DA522672547FF440073E914 = {
			isa = PBXGroup;
			children = (
				1DA522722547FF440073E914 /* Millionaer */,
				1DA522712547FF440073E914 /* Products */,
			);
			sourceTree = "<group>";
		};
		1DA522712547FF440073E914 /* Products */ = {
			isa = PBXGroup;
			children = (
				1DA522702547FF440073E914 /* Millionaer.app */,
			);
			name = Products;
			sourceTree = "<group>";
		};
		1DA522722547FF440073E914 /* Millionaer */ = {
			isa = PBXGroup;
			children = (
				1D3047EE2553CA670022E600 /* Facade */,
				1D3047ED2553CA470022E600 /* Caretakers */,
				1D3047E02552F1F60022E600 /* QuizBuilder */,
				1D039BFB2551FD3300BB894F /* Settings */,
				1D039BF02551FB8E00BB894F /* QuizProcassStrategy */,
				1DA5228F254924CF0073E914 /* models */,
				1D3047EB2553C9970022E600 /* ViewControllers */,
				1DA522752547FF440073E914 /* SceneDelegate.swift */,
				1DA522732547FF440073E914 /* AppDelegate.swift */,
				1DA52297254BC9380073E914 /* Game.swift */,
				1DA5229E254BDB1C0073E914 /* GameSession.swift */,
				1D039C0025528FD300BB894F /* ProgressObservable.swift */,
				1DA522792547FF440073E914 /* Main.storyboard */,
				1DA5227C2547FF460073E914 /* Assets.xcassets */,
				1DA5227E2547FF460073E914 /* LaunchScreen.storyboard */,
				1DA522812547FF460073E914 /* Info.plist */,
			);
			path = Millionaer;
			sourceTree = "<group>";
		};
		1DA5228F254924CF0073E914 /* models */ = {
			isa = PBXGroup;
			children = (
				1DA52290254924E90073E914 /* Quiz.swift */,
				1DA52294254BC8510073E914 /* Record.swift */,
			);
			path = models;
			sourceTree = "<group>";
		};
/* End PBXGroup section */

/* Begin PBXNativeTarget section */
		1DA5226F2547FF440073E914 /* Millionaer */ = {
			isa = PBXNativeTarget;
			buildConfigurationList = 1DA522842547FF460073E914 /* Build configuration list for PBXNativeTarget "Millionaer" */;
			buildPhases = (
				1DA5226C2547FF440073E914 /* Sources */,
				1DA5226D2547FF440073E914 /* Frameworks */,
				1DA5226E2547FF440073E914 /* Resources */,
			);
			buildRules = (
			);
			dependencies = (
			);
			name = Millionaer;
			productName = Millionaer;
			productReference = 1DA522702547FF440073E914 /* Millionaer.app */;
			productType = "com.apple.product-type.application";
		};
/* End PBXNativeTarget section */

/* Begin PBXProject section */
		1DA522682547FF440073E914 /* Project object */ = {
			isa = PBXProject;
			attributes = {
				LastSwiftUpdateCheck = 1200;
				LastUpgradeCheck = 1200;
				TargetAttributes = {
					1DA5226F2547FF440073E914 = {
						CreatedOnToolsVersion = 12.0.1;
					};
				};
			};
			buildConfigurationList = 1DA5226B2547FF440073E914 /* Build configuration list for PBXProject "Millionaer" */;
			compatibilityVersion = "Xcode 9.3";
			developmentRegion = en;
			hasScannedForEncodings = 0;
			knownRegions = (
				en,
				Base,
			);
			mainGroup = 1DA522672547FF440073E914;
			productRefGroup = 1DA522712547FF440073E914 /* Products */;
			projectDirPath = "";
			projectRoot = "";
			targets = (
				1DA5226F2547FF440073E914 /* Millionaer */,
			);
		};
/* End PBXProject section */

/* Begin PBXResourcesBuildPhase section */
		1DA5226E2547FF440073E914 /* Resources */ = {
			isa = PBXResourcesBuildPhase;
			buildActionMask = 2147483647;
			files = (
				1DA522802547FF460073E914 /* LaunchScreen.storyboard in Resources */,
				1DA5227D2547FF460073E914 /* Assets.xcassets in Resources */,
				1DA5227B2547FF440073E914 /* Main.storyboard in Resources */,
			);
			runOnlyForDeploymentPostprocessing = 0;
		};
/* End PBXResourcesBuildPhase section */

/* Begin PBXSourcesBuildPhase section */
		1DA5226C2547FF440073E914 /* Sources */ = {
			isa = PBXSourcesBuildPhase;
			buildActionMask = 2147483647;
			files = (
				1DA522782547FF440073E914 /* ViewController.swift in Sources */,
				1D039BF82551FCA100BB894F /* QuizSerialStrategy copy.swift in Sources */,
				1D039BF52551FC6D00BB894F /* QuizRandomStrategy.swift in Sources */,
				1D3047DD2552D5AA0022E600 /* QuizTableViewCell.swift in Sources */,
				1D3047D92552D2DA0022E600 /* AddQuizViewController.swift in Sources */,
				1DA5229B254BD0580073E914 /* RecordsCaretaker.swift in Sources */,
				1D3047F02553CB200022E600 /* HintUsageFacade.swift in Sources */,
				1D039BEE2551F67E00BB894F /* SettingsViewController.swift in Sources */,
				1DA5229F254BDB1C0073E914 /* GameSession.swift in Sources */,
				1DA522742547FF440073E914 /* AppDelegate.swift in Sources */,
				1DA52298254BC9380073E914 /* Game.swift in Sources */,
				1DA52291254924E90073E914 /* Quiz.swift in Sources */,
				1D039BF22551FBC700BB894F /* QuizProcessStrategy.swift in Sources */,
				1D3047E6255315EB0022E600 /* QuizListBuilder.swift in Sources */,
				1DA5228D2549214A0073E914 /* ResultTableViewController.swift in Sources */,
				1D039BFD2551FD5500BB894F /* QuizProcess.swift in Sources */,
				1D3047E925532EAA0022E600 /* QuizListCaretaker.swift in Sources */,
				1D3047E22552F2200022E600 /* QuizListBuilderProtocol.swift in Sources */,
				1DA52295254BC8520073E914 /* Record.swift in Sources */,
				1D039C0125528FD300BB894F /* ProgressObservable.swift in Sources */,
				1DA52289254808F60073E914 /* GameScreenViewController.swift in Sources */,
				1DA522762547FF440073E914 /* SceneDelegate.swift in Sources */,
			);
			runOnlyForDeploymentPostprocessing = 0;
		};
/* End PBXSourcesBuildPhase section */

/* Begin PBXVariantGroup section */
		1DA522792547FF440073E914 /* Main.storyboard */ = {
			isa = PBXVariantGroup;
			children = (
				1DA5227A2547FF440073E914 /* Base */,
			);
			name = Main.storyboard;
			sourceTree = "<group>";
		};
		1DA5227E2547FF460073E914 /* LaunchScreen.storyboard */ = {
			isa = PBXVariantGroup;
			children = (
				1DA5227F2547FF460073E914 /* Base */,
			);
			name = LaunchScreen.storyboard;
			sourceTree = "<group>";
		};
/* End PBXVariantGroup section */

/* Begin XCBuildConfiguration section */
		1DA522822547FF460073E914 /* Debug */ = {
			isa = XCBuildConfiguration;
			buildSettings = {
				ALWAYS_SEARCH_USER_PATHS = NO;
				CLANG_ANALYZER_NONNULL = YES;
				CLANG_ANALYZER_NUMBER_OBJECT_CONVERSION = YES_AGGRESSIVE;
				CLANG_CXX_LANGUAGE_STANDARD = "gnu++14";
				CLANG_CXX_LIBRARY = "libc++";
				CLANG_ENABLE_MODULES = YES;
				CLANG_ENABLE_OBJC_ARC = YES;
				CLANG_ENABLE_OBJC_WEAK = YES;
				CLANG_WARN_BLOCK_CAPTURE_AUTORELEASING = YES;
				CLANG_WARN_BOOL_CONVERSION = YES;
				CLANG_WARN_COMMA = YES;
				CLANG_WARN_CONSTANT_CONVERSION = YES;
				CLANG_WARN_DEPRECATED_OBJC_IMPLEMENTATIONS = YES;
				CLANG_WARN_DIRECT_OBJC_ISA_USAGE = YES_ERROR;
				CLANG_WARN_DOCUMENTATION_COMMENTS = YES;
				CLANG_WARN_EMPTY_BODY = YES;
				CLANG_WARN_ENUM_CONVERSION = YES;
				CLANG_WARN_INFINITE_RECURSION = YES;
				CLANG_WARN_INT_CONVERSION = YES;
				CLANG_WARN_NON_LITERAL_NULL_CONVERSION = YES;
				CLANG_WARN_OBJC_IMPLICIT_RETAIN_SELF = YES;
				CLANG_WARN_OBJC_LITERAL_CONVERSION = YES;
				CLANG_WARN_OBJC_ROOT_CLASS = YES_ERROR;
				CLANG_WARN_QUOTED_INCLUDE_IN_FRAMEWORK_HEADER = YES;
				CLANG_WARN_RANGE_LOOP_ANALYSIS = YES;
				CLANG_WARN_STRICT_PROTOTYPES = YES;
				CLANG_WARN_SUSPICIOUS_MOVE = YES;
				CLANG_WARN_UNGUARDED_AVAILABILITY = YES_AGGRESSIVE;
				CLANG_WARN_UNREACHABLE_CODE = YES;
				CLANG_WARN__DUPLICATE_METHOD_MATCH = YES;
				COPY_PHASE_STRIP = NO;
				DEBUG_INFORMATION_FORMAT = dwarf;
				ENABLE_STRICT_OBJC_MSGSEND = YES;
				ENABLE_TESTABILITY = YES;
				GCC_C_LANGUAGE_STANDARD = gnu11;
				GCC_DYNAMIC_NO_PIC = NO;
				GCC_NO_COMMON_BLOCKS = YES;
				GCC_OPTIMIZATION_LEVEL = 0;
				GCC_PREPROCESSOR_DEFINITIONS = (
					"DEBUG=1",
					"$(inherited)",
				);
				GCC_WARN_64_TO_32_BIT_CONVERSION = YES;
				GCC_WARN_ABOUT_RETURN_TYPE = YES_ERROR;
				GCC_WARN_UNDECLARED_SELECTOR = YES;
				GCC_WARN_UNINITIALIZED_AUTOS = YES_AGGRESSIVE;
				GCC_WARN_UNUSED_FUNCTION = YES;
				GCC_WARN_UNUSED_VARIABLE = YES;
				IPHONEOS_DEPLOYMENT_TARGET = 14.0;
				MTL_ENABLE_DEBUG_INFO = INCLUDE_SOURCE;
				MTL_FAST_MATH = YES;
				ONLY_ACTIVE_ARCH = YES;
				SDKROOT = iphoneos;
				SWIFT_ACTIVE_COMPILATION_CONDITIONS = DEBUG;
				SWIFT_OPTIMIZATION_LEVEL = "-Onone";
			};
			name = Debug;
		};
		1DA522832547FF460073E914 /* Release */ = {
			isa = XCBuildConfiguration;
			buildSettings = {
				ALWAYS_SEARCH_USER_PATHS = NO;
				CLANG_ANALYZER_NONNULL = YES;
				CLANG_ANALYZER_NUMBER_OBJECT_CONVERSION = YES_AGGRESSIVE;
				CLANG_CXX_LANGUAGE_STANDARD = "gnu++14";
				CLANG_CXX_LIBRARY = "libc++";
				CLANG_ENABLE_MODULES = YES;
				CLANG_ENABLE_OBJC_ARC = YES;
				CLANG_ENABLE_OBJC_WEAK = YES;
				CLANG_WARN_BLOCK_CAPTURE_AUTORELEASING = YES;
				CLANG_WARN_BOOL_CONVERSION = YES;
				CLANG_WARN_COMMA = YES;
				CLANG_WARN_CONSTANT_CONVERSION = YES;
				CLANG_WARN_DEPRECATED_OBJC_IMPLEMENTATIONS = YES;
				CLANG_WARN_DIRECT_OBJC_ISA_USAGE = YES_ERROR;
				CLANG_WARN_DOCUMENTATION_COMMENTS = YES;
				CLANG_WARN_EMPTY_BODY = YES;
				CLANG_WARN_ENUM_CONVERSION = YES;
				CLANG_WARN_INFINITE_RECURSION = YES;
				CLANG_WARN_INT_CONVERSION = YES;
				CLANG_WARN_NON_LITERAL_NULL_CONVERSION = YES;
				CLANG_WARN_OBJC_IMPLICIT_RETAIN_SELF = YES;
				CLANG_WARN_OBJC_LITERAL_CONVERSION = YES;
				CLANG_WARN_OBJC_ROOT_CLASS = YES_ERROR;
				CLANG_WARN_QUOTED_INCLUDE_IN_FRAMEWORK_HEADER = YES;
				CLANG_WARN_RANGE_LOOP_ANALYSIS = YES;
				CLANG_WARN_STRICT_PROTOTYPES = YES;
				CLANG_WARN_SUSPICIOUS_MOVE = YES;
				CLANG_WARN_UNGUARDED_AVAILABILITY = YES_AGGRESSIVE;
				CLANG_WARN_UNREACHABLE_CODE = YES;
				CLANG_WARN__DUPLICATE_METHOD_MATCH = YES;
				COPY_PHASE_STRIP = NO;
				DEBUG_INFORMATION_FORMAT = "dwarf-with-dsym";
				ENABLE_NS_ASSERTIONS = NO;
				ENABLE_STRICT_OBJC_MSGSEND = YES;
				GCC_C_LANGUAGE_STANDARD = gnu11;
				GCC_NO_COMMON_BLOCKS = YES;
				GCC_WARN_64_TO_32_BIT_CONVERSION = YES;
				GCC_WARN_ABOUT_RETURN_TYPE = YES_ERROR;
				GCC_WARN_UNDECLARED_SELECTOR = YES;
				GCC_WARN_UNINITIALIZED_AUTOS = YES_AGGRESSIVE;
				GCC_WARN_UNUSED_FUNCTION = YES;
				GCC_WARN_UNUSED_VARIABLE = YES;
				IPHONEOS_DEPLOYMENT_TARGET = 14.0;
				MTL_ENABLE_DEBUG_INFO = NO;
				MTL_FAST_MATH = YES;
				SDKROOT = iphoneos;
				SWIFT_COMPILATION_MODE = wholemodule;
				SWIFT_OPTIMIZATION_LEVEL = "-O";
				VALIDATE_PRODUCT = YES;
			};
			name = Release;
		};
		1DA522852547FF460073E914 /* Debug */ = {
			isa = XCBuildConfiguration;
			buildSettings = {
				ASSETCATALOG_COMPILER_APPICON_NAME = AppIcon;
				ASSETCATALOG_COMPILER_GLOBAL_ACCENT_COLOR_NAME = AccentColor;
				CODE_SIGN_STYLE = Automatic;
				DEVELOPMENT_TEAM = YRW2J72KS5;
				INFOPLIST_FILE = Millionaer/Info.plist;
				LD_RUNPATH_SEARCH_PATHS = (
					"$(inherited)",
					"@executable_path/Frameworks",
				);
				PRODUCT_BUNDLE_IDENTIFIER = "com.pavel-chernyshev.Millionaer";
				PRODUCT_NAME = "$(TARGET_NAME)";
				SWIFT_VERSION = 5.0;
				TARGETED_DEVICE_FAMILY = "1,2";
			};
			name = Debug;
		};
		1DA522862547FF460073E914 /* Release */ = {
			isa = XCBuildConfiguration;
			buildSettings = {
				ASSETCATALOG_COMPILER_APPICON_NAME = AppIcon;
				ASSETCATALOG_COMPILER_GLOBAL_ACCENT_COLOR_NAME = AccentColor;
				CODE_SIGN_STYLE = Automatic;
				DEVELOPMENT_TEAM = YRW2J72KS5;
				INFOPLIST_FILE = Millionaer/Info.plist;
				LD_RUNPATH_SEARCH_PATHS = (
					"$(inherited)",
					"@executable_path/Frameworks",
				);
				PRODUCT_BUNDLE_IDENTIFIER = "com.pavel-chernyshev.Millionaer";
				PRODUCT_NAME = "$(TARGET_NAME)";
				SWIFT_VERSION = 5.0;
				TARGETED_DEVICE_FAMILY = "1,2";
			};
			name = Release;
		};
/* End XCBuildConfiguration section */

/* Begin XCConfigurationList section */
		1DA5226B2547FF440073E914 /* Build configuration list for PBXProject "Millionaer" */ = {
			isa = XCConfigurationList;
			buildConfigurations = (
				1DA522822547FF460073E914 /* Debug */,
				1DA522832547FF460073E914 /* Release */,
			);
			defaultConfigurationIsVisible = 0;
			defaultConfigurationName = Release;
		};
		1DA522842547FF460073E914 /* Build configuration list for PBXNativeTarget "Millionaer" */ = {
			isa = XCConfigurationList;
			buildConfigurations = (
				1DA522852547FF460073E914 /* Debug */,
				1DA522862547FF460073E914 /* Release */,
			);
			defaultConfigurationIsVisible = 0;
			defaultConfigurationName = Release;
		};
/* End XCConfigurationList section */
	};
	rootObject = 1DA522682547FF440073E914 /* Project object */;
}
