// !$*UTF8*$!
{
	archiveVersion = 1;
	classes = {
	};
	objectVersion = 50;
	objects = {

/* Begin PBXBuildFile section */
		1D6A5BA32563CAF10006BC1D /* TaskCaretaker.swift in Sources */ = {isa = PBXBuildFile; fileRef = 1D6A5BA22563CAF10006BC1D /* TaskCaretaker.swift */; };
		1DFBF2DF256139DB00CAD765 /* AppDelegate.swift in Sources */ = {isa = PBXBuildFile; fileRef = 1DFBF2DE256139DB00CAD765 /* AppDelegate.swift */; };
		1DFBF2E1256139DB00CAD765 /* SceneDelegate.swift in Sources */ = {isa = PBXBuildFile; fileRef = 1DFBF2E0256139DB00CAD765 /* SceneDelegate.swift */; };
		1DFBF2E6256139DB00CAD765 /* Main.storyboard in Resources */ = {isa = PBXBuildFile; fileRef = 1DFBF2E4256139DB00CAD765 /* Main.storyboard */; };
		1DFBF2E8256139DE00CAD765 /* Assets.xcassets in Resources */ = {isa = PBXBuildFile; fileRef = 1DFBF2E7256139DE00CAD765 /* Assets.xcassets */; };
		1DFBF2EB256139DE00CAD765 /* LaunchScreen.storyboard in Resources */ = {isa = PBXBuildFile; fileRef = 1DFBF2E9256139DE00CAD765 /* LaunchScreen.storyboard */; };
		1DFBF2F625613A8800CAD765 /* TaskProtocol.swift in Sources */ = {isa = PBXBuildFile; fileRef = 1DFBF2F525613A8800CAD765 /* TaskProtocol.swift */; };
		1DFBF2F925613B2D00CAD765 /* Task.swift in Sources */ = {isa = PBXBuildFile; fileRef = 1DFBF2F825613B2D00CAD765 /* Task.swift */; };
		1DFBF3052561A79E00CAD765 /* TaskViewController.swift in Sources */ = {isa = PBXBuildFile; fileRef = 1DFBF3042561A79E00CAD765 /* TaskViewController.swift */; };
/* End PBXBuildFile section */

/* Begin PBXFileReference section */
		1D6A5BA22563CAF10006BC1D /* TaskCaretaker.swift */ = {isa = PBXFileReference; lastKnownFileType = sourcecode.swift; path = TaskCaretaker.swift; sourceTree = "<group>"; };
		1DFBF2DB256139DB00CAD765 /* task-composite.app */ = {isa = PBXFileReference; explicitFileType = wrapper.application; includeInIndex = 0; path = "task-composite.app"; sourceTree = BUILT_PRODUCTS_DIR; };
		1DFBF2DE256139DB00CAD765 /* AppDelegate.swift */ = {isa = PBXFileReference; lastKnownFileType = sourcecode.swift; path = AppDelegate.swift; sourceTree = "<group>"; };
		1DFBF2E0256139DB00CAD765 /* SceneDelegate.swift */ = {isa = PBXFileReference; lastKnownFileType = sourcecode.swift; path = SceneDelegate.swift; sourceTree = "<group>"; };
		1DFBF2E5256139DB00CAD765 /* Base */ = {isa = PBXFileReference; lastKnownFileType = file.storyboard; name = Base; path = Base.lproj/Main.storyboard; sourceTree = "<group>"; };
		1DFBF2E7256139DE00CAD765 /* Assets.xcassets */ = {isa = PBXFileReference; lastKnownFileType = folder.assetcatalog; path = Assets.xcassets; sourceTree = "<group>"; };
		1DFBF2EA256139DE00CAD765 /* Base */ = {isa = PBXFileReference; lastKnownFileType = file.storyboard; name = Base; path = Base.lproj/LaunchScreen.storyboard; sourceTree = "<group>"; };
		1DFBF2EC256139DE00CAD765 /* Info.plist */ = {isa = PBXFileReference; lastKnownFileType = text.plist.xml; path = Info.plist; sourceTree = "<group>"; };
		1DFBF2F525613A8800CAD765 /* TaskProtocol.swift */ = {isa = PBXFileReference; lastKnownFileType = sourcecode.swift; path = TaskProtocol.swift; sourceTree = "<group>"; };
		1DFBF2F825613B2D00CAD765 /* Task.swift */ = {isa = PBXFileReference; lastKnownFileType = sourcecode.swift; path = Task.swift; sourceTree = "<group>"; };
		1DFBF3042561A79E00CAD765 /* TaskViewController.swift */ = {isa = PBXFileReference; lastKnownFileType = sourcecode.swift; path = TaskViewController.swift; sourceTree = "<group>"; };
/* End PBXFileReference section */

/* Begin PBXFrameworksBuildPhase section */
		1DFBF2D8256139DB00CAD765 /* Frameworks */ = {
			isa = PBXFrameworksBuildPhase;
			buildActionMask = 2147483647;
			files = (
			);
			runOnlyForDeploymentPostprocessing = 0;
		};
/* End PBXFrameworksBuildPhase section */

/* Begin PBXGroup section */
		1D6A5BA12563CABF0006BC1D /* Caretakers */ = {
			isa = PBXGroup;
			children = (
				1D6A5BA22563CAF10006BC1D /* TaskCaretaker.swift */,
			);
			path = Caretakers;
			sourceTree = "<group>";
		};
		1DFBF2D2256139DB00CAD765 = {
			isa = PBXGroup;
			children = (
				1DFBF2DD256139DB00CAD765 /* task-composite */,
				1DFBF2DC256139DB00CAD765 /* Products */,
			);
			sourceTree = "<group>";
		};
		1DFBF2DC256139DB00CAD765 /* Products */ = {
			isa = PBXGroup;
			children = (
				1DFBF2DB256139DB00CAD765 /* task-composite.app */,
			);
			name = Products;
			sourceTree = "<group>";
		};
		1DFBF2DD256139DB00CAD765 /* task-composite */ = {
			isa = PBXGroup;
			children = (
				1D6A5BA12563CABF0006BC1D /* Caretakers */,
				1DFBF2F425613A7500CAD765 /* Model */,
				1DFBF2DE256139DB00CAD765 /* AppDelegate.swift */,
				1DFBF2E0256139DB00CAD765 /* SceneDelegate.swift */,
				1DFBF3042561A79E00CAD765 /* TaskViewController.swift */,
				1DFBF2E4256139DB00CAD765 /* Main.storyboard */,
				1DFBF2E7256139DE00CAD765 /* Assets.xcassets */,
				1DFBF2E9256139DE00CAD765 /* LaunchScreen.storyboard */,
				1DFBF2EC256139DE00CAD765 /* Info.plist */,
			);
			path = "task-composite";
			sourceTree = "<group>";
		};
		1DFBF2F425613A7500CAD765 /* Model */ = {
			isa = PBXGroup;
			children = (
				1DFBF2F525613A8800CAD765 /* TaskProtocol.swift */,
				1DFBF2F825613B2D00CAD765 /* Task.swift */,
			);
			path = Model;
			sourceTree = "<group>";
		};
/* End PBXGroup section */

/* Begin PBXNativeTarget section */
		1DFBF2DA256139DB00CAD765 /* task-composite */ = {
			isa = PBXNativeTarget;
			buildConfigurationList = 1DFBF2EF256139DE00CAD765 /* Build configuration list for PBXNativeTarget "task-composite" */;
			buildPhases = (
				1DFBF2D7256139DB00CAD765 /* Sources */,
				1DFBF2D8256139DB00CAD765 /* Frameworks */,
				1DFBF2D9256139DB00CAD765 /* Resources */,
			);
			buildRules = (
			);
			dependencies = (
			);
			name = "task-composite";
			productName = "task-composite";
			productReference = 1DFBF2DB256139DB00CAD765 /* task-composite.app */;
			productType = "com.apple.product-type.application";
		};
/* End PBXNativeTarget section */

/* Begin PBXProject section */
		1DFBF2D3256139DB00CAD765 /* Project object */ = {
			isa = PBXProject;
			attributes = {
				LastSwiftUpdateCheck = 1200;
				LastUpgradeCheck = 1200;
				TargetAttributes = {
					1DFBF2DA256139DB00CAD765 = {
						CreatedOnToolsVersion = 12.0.1;
					};
				};
			};
			buildConfigurationList = 1DFBF2D6256139DB00CAD765 /* Build configuration list for PBXProject "task-composite" */;
			compatibilityVersion = "Xcode 9.3";
			developmentRegion = en;
			hasScannedForEncodings = 0;
			knownRegions = (
				en,
				Base,
			);
			mainGroup = 1DFBF2D2256139DB00CAD765;
			productRefGroup = 1DFBF2DC256139DB00CAD765 /* Products */;
			projectDirPath = "";
			projectRoot = "";
			targets = (
				1DFBF2DA256139DB00CAD765 /* task-composite */,
			);
		};
/* End PBXProject section */

/* Begin PBXResourcesBuildPhase section */
		1DFBF2D9256139DB00CAD765 /* Resources */ = {
			isa = PBXResourcesBuildPhase;
			buildActionMask = 2147483647;
			files = (
				1DFBF2EB256139DE00CAD765 /* LaunchScreen.storyboard in Resources */,
				1DFBF2E8256139DE00CAD765 /* Assets.xcassets in Resources */,
				1DFBF2E6256139DB00CAD765 /* Main.storyboard in Resources */,
			);
			runOnlyForDeploymentPostprocessing = 0;
		};
/* End PBXResourcesBuildPhase section */

/* Begin PBXSourcesBuildPhase section */
		1DFBF2D7256139DB00CAD765 /* Sources */ = {
			isa = PBXSourcesBuildPhase;
			buildActionMask = 2147483647;
			files = (
				1DFBF2DF256139DB00CAD765 /* AppDelegate.swift in Sources */,
				1DFBF3052561A79E00CAD765 /* TaskViewController.swift in Sources */,
				1DFBF2F925613B2D00CAD765 /* Task.swift in Sources */,
				1D6A5BA32563CAF10006BC1D /* TaskCaretaker.swift in Sources */,
				1DFBF2F625613A8800CAD765 /* TaskProtocol.swift in Sources */,
				1DFBF2E1256139DB00CAD765 /* SceneDelegate.swift in Sources */,
			);
			runOnlyForDeploymentPostprocessing = 0;
		};
/* End PBXSourcesBuildPhase section */

/* Begin PBXVariantGroup section */
		1DFBF2E4256139DB00CAD765 /* Main.storyboard */ = {
			isa = PBXVariantGroup;
			children = (
				1DFBF2E5256139DB00CAD765 /* Base */,
			);
			name = Main.storyboard;
			sourceTree = "<group>";
		};
		1DFBF2E9256139DE00CAD765 /* LaunchScreen.storyboard */ = {
			isa = PBXVariantGroup;
			children = (
				1DFBF2EA256139DE00CAD765 /* Base */,
			);
			name = LaunchScreen.storyboard;
			sourceTree = "<group>";
		};
/* End PBXVariantGroup section */

/* Begin XCBuildConfiguration section */
		1DFBF2ED256139DE00CAD765 /* Debug */ = {
			isa = XCBuildConfiguration;
			buildSettings = {
				ALWAYS_SEARCH_USER_PATHS = NO;
				CLANG_ANALYZER_NONNULL = YES;
				CLANG_ANALYZER_NUMBER_OBJECT_CONVERSION = YES_AGGRESSIVE;
				CLANG_CXX_LANGUAGE_STANDARD = "gnu++14";
				CLANG_CXX_LIBRARY = "libc++";
				CLANG_ENABLE_MODULES = YES;
				CLANG_ENABLE_OBJC_ARC = YES;
				CLANG_ENABLE_OBJC_WEAK = YES;
				CLANG_WARN_BLOCK_CAPTURE_AUTORELEASING = YES;
				CLANG_WARN_BOOL_CONVERSION = YES;
				CLANG_WARN_COMMA = YES;
				CLANG_WARN_CONSTANT_CONVERSION = YES;
				CLANG_WARN_DEPRECATED_OBJC_IMPLEMENTATIONS = YES;
				CLANG_WARN_DIRECT_OBJC_ISA_USAGE = YES_ERROR;
				CLANG_WARN_DOCUMENTATION_COMMENTS = YES;
				CLANG_WARN_EMPTY_BODY = YES;
				CLANG_WARN_ENUM_CONVERSION = YES;
				CLANG_WARN_INFINITE_RECURSION = YES;
				CLANG_WARN_INT_CONVERSION = YES;
				CLANG_WARN_NON_LITERAL_NULL_CONVERSION = YES;
				CLANG_WARN_OBJC_IMPLICIT_RETAIN_SELF = YES;
				CLANG_WARN_OBJC_LITERAL_CONVERSION = YES;
				CLANG_WARN_OBJC_ROOT_CLASS = YES_ERROR;
				CLANG_WARN_QUOTED_INCLUDE_IN_FRAMEWORK_HEADER = YES;
				CLANG_WARN_RANGE_LOOP_ANALYSIS = YES;
				CLANG_WARN_STRICT_PROTOTYPES = YES;
				CLANG_WARN_SUSPICIOUS_MOVE = YES;
				CLANG_WARN_UNGUARDED_AVAILABILITY = YES_AGGRESSIVE;
				CLANG_WARN_UNREACHABLE_CODE = YES;
				CLANG_WARN__DUPLICATE_METHOD_MATCH = YES;
				COPY_PHASE_STRIP = NO;
				DEBUG_INFORMATION_FORMAT = dwarf;
				ENABLE_STRICT_OBJC_MSGSEND = YES;
				ENABLE_TESTABILITY = YES;
				GCC_C_LANGUAGE_STANDARD = gnu11;
				GCC_DYNAMIC_NO_PIC = NO;
				GCC_NO_COMMON_BLOCKS = YES;
				GCC_OPTIMIZATION_LEVEL = 0;
				GCC_PREPROCESSOR_DEFINITIONS = (
					"DEBUG=1",
					"$(inherited)",
				);
				GCC_WARN_64_TO_32_BIT_CONVERSION = YES;
				GCC_WARN_ABOUT_RETURN_TYPE = YES_ERROR;
				GCC_WARN_UNDECLARED_SELECTOR = YES;
				GCC_WARN_UNINITIALIZED_AUTOS = YES_AGGRESSIVE;
				GCC_WARN_UNUSED_FUNCTION = YES;
				GCC_WARN_UNUSED_VARIABLE = YES;
				IPHONEOS_DEPLOYMENT_TARGET = 14.0;
				MTL_ENABLE_DEBUG_INFO = INCLUDE_SOURCE;
				MTL_FAST_MATH = YES;
				ONLY_ACTIVE_ARCH = YES;
				SDKROOT = iphoneos;
				SWIFT_ACTIVE_COMPILATION_CONDITIONS = DEBUG;
				SWIFT_OPTIMIZATION_LEVEL = "-Onone";
			};
			name = Debug;
		};
		1DFBF2EE256139DE00CAD765 /* Release */ = {
			isa = XCBuildConfiguration;
			buildSettings = {
				ALWAYS_SEARCH_USER_PATHS = NO;
				CLANG_ANALYZER_NONNULL = YES;
				CLANG_ANALYZER_NUMBER_OBJECT_CONVERSION = YES_AGGRESSIVE;
				CLANG_CXX_LANGUAGE_STANDARD = "gnu++14";
				CLANG_CXX_LIBRARY = "libc++";
				CLANG_ENABLE_MODULES = YES;
				CLANG_ENABLE_OBJC_ARC = YES;
				CLANG_ENABLE_OBJC_WEAK = YES;
				CLANG_WARN_BLOCK_CAPTURE_AUTORELEASING = YES;
				CLANG_WARN_BOOL_CONVERSION = YES;
				CLANG_WARN_COMMA = YES;
				CLANG_WARN_CONSTANT_CONVERSION = YES;
				CLANG_WARN_DEPRECATED_OBJC_IMPLEMENTATIONS = YES;
				CLANG_WARN_DIRECT_OBJC_ISA_USAGE = YES_ERROR;
				CLANG_WARN_DOCUMENTATION_COMMENTS = YES;
				CLANG_WARN_EMPTY_BODY = YES;
				CLANG_WARN_ENUM_CONVERSION = YES;
				CLANG_WARN_INFINITE_RECURSION = YES;
				CLANG_WARN_INT_CONVERSION = YES;
				CLANG_WARN_NON_LITERAL_NULL_CONVERSION = YES;
				CLANG_WARN_OBJC_IMPLICIT_RETAIN_SELF = YES;
				CLANG_WARN_OBJC_LITERAL_CONVERSION = YES;
				CLANG_WARN_OBJC_ROOT_CLASS = YES_ERROR;
				CLANG_WARN_QUOTED_INCLUDE_IN_FRAMEWORK_HEADER = YES;
				CLANG_WARN_RANGE_LOOP_ANALYSIS = YES;
				CLANG_WARN_STRICT_PROTOTYPES = YES;
				CLANG_WARN_SUSPICIOUS_MOVE = YES;
				CLANG_WARN_UNGUARDED_AVAILABILITY = YES_AGGRESSIVE;
				CLANG_WARN_UNREACHABLE_CODE = YES;
				CLANG_WARN__DUPLICATE_METHOD_MATCH = YES;
				COPY_PHASE_STRIP = NO;
				DEBUG_INFORMATION_FORMAT = "dwarf-with-dsym";
				ENABLE_NS_ASSERTIONS = NO;
				ENABLE_STRICT_OBJC_MSGSEND = YES;
				GCC_C_LANGUAGE_STANDARD = gnu11;
				GCC_NO_COMMON_BLOCKS = YES;
				GCC_WARN_64_TO_32_BIT_CONVERSION = YES;
				GCC_WARN_ABOUT_RETURN_TYPE = YES_ERROR;
				GCC_WARN_UNDECLARED_SELECTOR = YES;
				GCC_WARN_UNINITIALIZED_AUTOS = YES_AGGRESSIVE;
				GCC_WARN_UNUSED_FUNCTION = YES;
				GCC_WARN_UNUSED_VARIABLE = YES;
				IPHONEOS_DEPLOYMENT_TARGET = 14.0;
				MTL_ENABLE_DEBUG_INFO = NO;
				MTL_FAST_MATH = YES;
				SDKROOT = iphoneos;
				SWIFT_COMPILATION_MODE = wholemodule;
				SWIFT_OPTIMIZATION_LEVEL = "-O";
				VALIDATE_PRODUCT = YES;
			};
			name = Release;
		};
		1DFBF2F0256139DE00CAD765 /* Debug */ = {
			isa = XCBuildConfiguration;
			buildSettings = {
				ASSETCATALOG_COMPILER_APPICON_NAME = AppIcon;
				ASSETCATALOG_COMPILER_GLOBAL_ACCENT_COLOR_NAME = AccentColor;
				CODE_SIGN_STYLE = Automatic;
				DEVELOPMENT_TEAM = YRW2J72KS5;
				INFOPLIST_FILE = "task-composite/Info.plist";
				LD_RUNPATH_SEARCH_PATHS = (
					"$(inherited)",
					"@executable_path/Frameworks",
				);
				PRODUCT_BUNDLE_IDENTIFIER = "com.pavel-chernyshev.task-composite";
				PRODUCT_NAME = "$(TARGET_NAME)";
				SWIFT_VERSION = 5.0;
				TARGETED_DEVICE_FAMILY = "1,2";
			};
			name = Debug;
		};
		1DFBF2F1256139DE00CAD765 /* Release */ = {
			isa = XCBuildConfiguration;
			buildSettings = {
				ASSETCATALOG_COMPILER_APPICON_NAME = AppIcon;
				ASSETCATALOG_COMPILER_GLOBAL_ACCENT_COLOR_NAME = AccentColor;
				CODE_SIGN_STYLE = Automatic;
				DEVELOPMENT_TEAM = YRW2J72KS5;
				INFOPLIST_FILE = "task-composite/Info.plist";
				LD_RUNPATH_SEARCH_PATHS = (
					"$(inherited)",
					"@executable_path/Frameworks",
				);
				PRODUCT_BUNDLE_IDENTIFIER = "com.pavel-chernyshev.task-composite";
				PRODUCT_NAME = "$(TARGET_NAME)";
				SWIFT_VERSION = 5.0;
				TARGETED_DEVICE_FAMILY = "1,2";
			};
			name = Release;
		};
/* End XCBuildConfiguration section */

/* Begin XCConfigurationList section */
		1DFBF2D6256139DB00CAD765 /* Build configuration list for PBXProject "task-composite" */ = {
			isa = XCConfigurationList;
			buildConfigurations = (
				1DFBF2ED256139DE00CAD765 /* Debug */,
				1DFBF2EE256139DE00CAD765 /* Release */,
			);
			defaultConfigurationIsVisible = 0;
			defaultConfigurationName = Release;
		};
		1DFBF2EF256139DE00CAD765 /* Build configuration list for PBXNativeTarget "task-composite" */ = {
			isa = XCConfigurationList;
			buildConfigurations = (
				1DFBF2F0256139DE00CAD765 /* Debug */,
				1DFBF2F1256139DE00CAD765 /* Release */,
			);
			defaultConfigurationIsVisible = 0;
			defaultConfigurationName = Release;
		};
/* End XCConfigurationList section */
	};
	rootObject = 1DFBF2D3256139DB00CAD765 /* Project object */;
}
